<?xml version="1.0" encoding="utf-8"?>
<Project ToolsVersion="4.0" xmlns="http://schemas.microsoft.com/developer/msbuild/2003">
  <ItemGroup>
    <ClCompile Include="game.cpp" />
    <ClCompile Include="surface.cpp">
      <Filter>template code</Filter>
    </ClCompile>
    <ClCompile Include="template.cpp">
      <Filter>template code</Filter>
    </ClCompile>
    <ClCompile Include="LevelManager.cpp" />
    <ClCompile Include="MenuManager.cpp" />
    <ClCompile Include="Player.cpp" />
    <ClCompile Include="Obstacle.cpp" />
    <ClCompile Include="Finish.cpp" />
    <ClCompile Include="WoodStakes.cpp" />
    <ClCompile Include="Spikes.cpp" />
  </ItemGroup>
  <ItemGroup>
    <ClInclude Include="game.h" />
    <ClInclude Include="surface.h">
      <Filter>template code</Filter>
    </ClInclude>
    <ClInclude Include="template.h">
      <Filter>template code</Filter>
    </ClInclude>
    <ClInclude Include="Button.h" />
    <ClInclude Include="LevelManager.h" />
    <ClInclude Include="MenuManager.h" />
    <ClInclude Include="Player.h" />
    <ClInclude Include="Location.h" />
    <ClInclude Include="Obstacle.h" />
    <ClInclude Include="Finish.h" />
    <ClInclude Include="WoodStakes.h" />
    <ClInclude Include="Spikes.h" />
  </ItemGroup>
  <ItemGroup>
    <Filter Include="template code">
      <UniqueIdentifier>{bf32dd6e-4be7-4889-8ac6-49e7ee163c40}</UniqueIdentifier>
    </Filter>
  </ItemGroup>
  <ItemGroup>
    <Text Include="_readme.txt">
      <Filter>template code</Filter>
    </Text>
  </ItemGroup>
</Project>